
Microsoft Visual Studio Solution File, Format Version 12.00
# Visual Studio Version 16
VisualStudioVersion = 16.0.31019.35
MinimumVisualStudioVersion = 10.0.40219.1
Project("{FAE04EC0-301F-11D3-BF4B-00C04F79EFBC}") = "RGJR_PRACTICA_4", "RGJR_PRACTICA_4\RGJR_PRACTICA_4.csproj", "{F825CBC6-C3AA-4040-B4C0-7A86787D9C7B}"
EndProject
Global
	GlobalSection(SolutionConfigurationPlatforms) = preSolution
		Debug|Any CPU = Debug|Any CPU
		Release|Any CPU = Release|Any CPU
	EndGlobalSection
	GlobalSection(ProjectConfigurationPlatforms) = postSolution
		{F825CBC6-C3AA-4040-B4C0-7A86787D9C7B}.Debug|Any CPU.ActiveCfg = Debug|Any CPU
		{F825CBC6-C3AA-4040-B4C0-7A86787D9C7B}.Debug|Any CPU.Build.0 = Debug|Any CPU
		{F825CBC6-C3AA-4040-B4C0-7A86787D9C7B}.Release|Any CPU.ActiveCfg = Release|Any CPU
		{F825CBC6-C3AA-4040-B4C0-7A86787D9C7B}.Release|Any CPU.Build.0 = Release|Any CPU
	EndGlobalSection
	GlobalSection(SolutionProperties) = preSolution
		HideSolutionNode = FALSE
	EndGlobalSection
	GlobalSection(ExtensibilityGlobals) = postSolution
		SolutionGuid = {68D4AB05-0814-4EC3-8EF2-5C61A6254B65}
	EndGlobalSection
EndGlobal
