
Microsoft Visual Studio Solution File, Format Version 12.00
# Visual Studio Version 16
VisualStudioVersion = 16.0.31019.35
MinimumVisualStudioVersion = 10.0.40219.1
Project("{FAE04EC0-301F-11D3-BF4B-00C04F79EFBC}") = "RGJR_practica1", "RGJR_practica1\RGJR_practica1.csproj", "{2D9120C2-D7F8-4928-B4B1-F68312660400}"
EndProject
Global
	GlobalSection(SolutionConfigurationPlatforms) = preSolution
		Debug|Any CPU = Debug|Any CPU
		Release|Any CPU = Release|Any CPU
	EndGlobalSection
	GlobalSection(ProjectConfigurationPlatforms) = postSolution
		{2D9120C2-D7F8-4928-B4B1-F68312660400}.Debug|Any CPU.ActiveCfg = Debug|Any CPU
		{2D9120C2-D7F8-4928-B4B1-F68312660400}.Debug|Any CPU.Build.0 = Debug|Any CPU
		{2D9120C2-D7F8-4928-B4B1-F68312660400}.Release|Any CPU.ActiveCfg = Release|Any CPU
		{2D9120C2-D7F8-4928-B4B1-F68312660400}.Release|Any CPU.Build.0 = Release|Any CPU
	EndGlobalSection
	GlobalSection(SolutionProperties) = preSolution
		HideSolutionNode = FALSE
	EndGlobalSection
	GlobalSection(ExtensibilityGlobals) = postSolution
		SolutionGuid = {D7A45342-89FA-4BE8-8426-28A421A88EDC}
	EndGlobalSection
EndGlobal
